
Microsoft Visual Studio Solution File, Format Version 12.00
# Visual Studio Version 17
VisualStudioVersion = 17.7.34024.191
MinimumVisualStudioVersion = 10.0.40219.1
Project("{FAE04EC0-301F-11D3-BF4B-00C04F79EFBC}") = "HiBlazor.Server", "HiBlazor\Server\HiBlazor.Server.csproj", "{10C53845-E4BB-4B38-93C9-50410F8AC6C8}"
EndProject
Project("{FAE04EC0-301F-11D3-BF4B-00C04F79EFBC}") = "HiBlazor.Client", "HiBlazor\Client\HiBlazor.Client.csproj", "{6E445D0D-A723-4288-894B-6B2C70B14900}"
EndProject
Project("{FAE04EC0-301F-11D3-BF4B-00C04F79EFBC}") = "HiBlazor.Shared", "HiBlazor\Shared\HiBlazor.Shared.csproj", "{CAC67B0B-FEB8-4335-9078-87FF2F7D855B}"
EndProject
Global
	GlobalSection(SolutionConfigurationPlatforms) = preSolution
		Debug|Any CPU = Debug|Any CPU
		Release|Any CPU = Release|Any CPU
	EndGlobalSection
	GlobalSection(ProjectConfigurationPlatforms) = postSolution
		{10C53845-E4BB-4B38-93C9-50410F8AC6C8}.Debug|Any CPU.ActiveCfg = Debug|Any CPU
		{10C53845-E4BB-4B38-93C9-50410F8AC6C8}.Debug|Any CPU.Build.0 = Debug|Any CPU
		{10C53845-E4BB-4B38-93C9-50410F8AC6C8}.Release|Any CPU.ActiveCfg = Release|Any CPU
		{10C53845-E4BB-4B38-93C9-50410F8AC6C8}.Release|Any CPU.Build.0 = Release|Any CPU
		{6E445D0D-A723-4288-894B-6B2C70B14900}.Debug|Any CPU.ActiveCfg = Debug|Any CPU
		{6E445D0D-A723-4288-894B-6B2C70B14900}.Debug|Any CPU.Build.0 = Debug|Any CPU
		{6E445D0D-A723-4288-894B-6B2C70B14900}.Release|Any CPU.ActiveCfg = Release|Any CPU
		{6E445D0D-A723-4288-894B-6B2C70B14900}.Release|Any CPU.Build.0 = Release|Any CPU
		{CAC67B0B-FEB8-4335-9078-87FF2F7D855B}.Debug|Any CPU.ActiveCfg = Debug|Any CPU
		{CAC67B0B-FEB8-4335-9078-87FF2F7D855B}.Debug|Any CPU.Build.0 = Debug|Any CPU
		{CAC67B0B-FEB8-4335-9078-87FF2F7D855B}.Release|Any CPU.ActiveCfg = Release|Any CPU
		{CAC67B0B-FEB8-4335-9078-87FF2F7D855B}.Release|Any CPU.Build.0 = Release|Any CPU
	EndGlobalSection
	GlobalSection(SolutionProperties) = preSolution
		HideSolutionNode = FALSE
	EndGlobalSection
	GlobalSection(ExtensibilityGlobals) = postSolution
		SolutionGuid = {7ED6893C-56BA-4A65-BDB0-CA5B3A506C8F}
	EndGlobalSection
EndGlobal
